
Microsoft Visual Studio Solution File, Format Version 12.00
# Visual Studio 15
Project("{FAE04EC0-301F-11D3-BF4B-00C04F79EFBC}") = "Assembly-CSharp-Editor", "Assembly-CSharp-Editor.csproj", "{3A87D941-A940-D3D9-D03C-DF03C3728326}"
EndProject
Project("{FAE04EC0-301F-11D3-BF4B-00C04F79EFBC}") = "Assembly-CSharp", "Assembly-CSharp.csproj", "{491FF9C7-5503-A2C2-2E97-BC78A48AD48E}"
EndProject
Global
	GlobalSection(SolutionConfigurationPlatforms) = preSolution
		Debug|Any CPU = Debug|Any CPU
		Release|Any CPU = Release|Any CPU
	EndGlobalSection
	GlobalSection(ProjectConfigurationPlatforms) = postSolution
		{3A87D941-A940-D3D9-D03C-DF03C3728326}.Debug|Any CPU.ActiveCfg = Debug|Any CPU
		{3A87D941-A940-D3D9-D03C-DF03C3728326}.Debug|Any CPU.Build.0 = Debug|Any CPU
		{3A87D941-A940-D3D9-D03C-DF03C3728326}.Release|Any CPU.ActiveCfg = Release|Any CPU
		{3A87D941-A940-D3D9-D03C-DF03C3728326}.Release|Any CPU.Build.0 = Release|Any CPU
		{491FF9C7-5503-A2C2-2E97-BC78A48AD48E}.Debug|Any CPU.ActiveCfg = Debug|Any CPU
		{491FF9C7-5503-A2C2-2E97-BC78A48AD48E}.Debug|Any CPU.Build.0 = Debug|Any CPU
		{491FF9C7-5503-A2C2-2E97-BC78A48AD48E}.Release|Any CPU.ActiveCfg = Release|Any CPU
		{491FF9C7-5503-A2C2-2E97-BC78A48AD48E}.Release|Any CPU.Build.0 = Release|Any CPU
	EndGlobalSection
	GlobalSection(SolutionProperties) = preSolution
		HideSolutionNode = FALSE
	EndGlobalSection
EndGlobal
